
Microsoft Visual Studio Solution File, Format Version 12.00
# Visual Studio Version 16
VisualStudioVersion = 25.0.1706.13
MinimumVisualStudioVersion = 10.0.40219.1
Project("{FAE04EC0-301F-11D3-BF4B-00C04F79EFBC}") = "MusicScraper", "MusicScraper\MusicScraper.csproj", "{6CF4A97B-B18F-4453-88D7-D393B974ADA8}"
EndProject
Project("{FAE04EC0-301F-11D3-BF4B-00C04F79EFBC}") = "NVBS", "..\NVBS\NVBS\NVBS.csproj", "{24F4605D-4BB8-49BD-A55B-144113A35639}"
EndProject
Global
	GlobalSection(SolutionConfigurationPlatforms) = preSolution
		Debug|Any CPU = Debug|Any CPU
		Release|Any CPU = Release|Any CPU
	EndGlobalSection
	GlobalSection(ProjectConfigurationPlatforms) = postSolution
		{6CF4A97B-B18F-4453-88D7-D393B974ADA8}.Debug|Any CPU.ActiveCfg = Debug|Any CPU
		{6CF4A97B-B18F-4453-88D7-D393B974ADA8}.Debug|Any CPU.Build.0 = Debug|Any CPU
		{6CF4A97B-B18F-4453-88D7-D393B974ADA8}.Release|Any CPU.ActiveCfg = Release|Any CPU
		{6CF4A97B-B18F-4453-88D7-D393B974ADA8}.Release|Any CPU.Build.0 = Release|Any CPU
		{24F4605D-4BB8-49BD-A55B-144113A35639}.Debug|Any CPU.ActiveCfg = Debug|Any CPU
		{24F4605D-4BB8-49BD-A55B-144113A35639}.Debug|Any CPU.Build.0 = Debug|Any CPU
		{24F4605D-4BB8-49BD-A55B-144113A35639}.Release|Any CPU.ActiveCfg = Release|Any CPU
		{24F4605D-4BB8-49BD-A55B-144113A35639}.Release|Any CPU.Build.0 = Release|Any CPU
	EndGlobalSection
	GlobalSection(SolutionProperties) = preSolution
		HideSolutionNode = FALSE
	EndGlobalSection
	GlobalSection(ExtensibilityGlobals) = postSolution
		SolutionGuid = {DA1B4259-B1C1-4EC7-971B-238CA61A246F}
	EndGlobalSection
EndGlobal
